{
    "_meta": {
        "hash": {
            "sha256": "adb01a5b787a0e503298636680279ac09ffa241d440cd2b304ff32082c57dfbd"
        },
        "pipfile-spec": 6,
        "requires": {
            "python_version": "3.9"
        },
        "sources": [
            {
                "name": "pypi",
                "url": "https://pypi.org/simple",
                "verify_ssl": true
            }
        ]
    },
    "default": {
        "manimpango": {
            "hashes": [
                "sha256:00c2cd26b1e4043f24251ec6142f9dc887fd88cbda386c3e6abec86be3b985cd",
                "sha256:2040939c9e2361118f04a824472ab4f6b5d1525b32967ecb78c4fece435f0b28",
                "sha256:20ec8a0ee6b9219f8628cb7d38cd2e0b2efa09e06f7674f860ea54871ca74bcd",
                "sha256:3331f0f03c566ab1790594be3931b4b28b99fa49bc7d3267e6d3a59196af739c",
                "sha256:3e93a59fbd5a1ca3bf11fe9da5b322633a25a21ddd232a3f295848ca2e8be50b",
                "sha256:4db360377e620333c0be92e66c547ada1e4467f6bcc34956c4222cba9206a70b",
                "sha256:5c3b6f89e043fbb5e467131fb346801496e1d8e92803362d0a47a0761c5c55c8",
                "sha256:9e6261d433d217efb7c2b265cb442a7989fb65ed87c1ad0034675a209aa3b6ae",
                "sha256:cdb9eb2a4201e097e8415f14a951d99fd289b4bc7f8922e17fc243901bfc4943",
                "sha256:d0296ad164a314fe25fcf5dd9a4451e9766cd8030a896d41aa0bf4c06f41e17b",
                "sha256:e0dab9cd8f2902d12ced5fbaa2b465d3e8451841dcc3e416ce1857fc11fb6af1",
                "sha256:e13596d47ae6a44788d4ca159c2b767891fdc81fa5cf7448cec8fad61a67d2aa",
                "sha256:e32e0d009f39c38d05627d32aa6424ba3aab1c98dde862d653bc28b1658e8520"
            ],
            "index": "pypi",
            "version": "==0.3.0"
        },
        "pycairo": {
            "hashes": [
                "sha256:0d7a6754d410d911a46f00396bee4be96500ccd3d178e7e98aef1140e3dd67ae",
                "sha256:1ee72b035b21a475e1ed648e26541b04e5d7e753d75ca79de8c583b25785531b",
                "sha256:261c69850d4b2ec03346c9745bad2a835bb8124e4c6961b8ceac503d744eb3b3",
                "sha256:5525da2d8de912750dd157752aa96f1f0a42a437c5625e85b14c936b5c6305ae",
                "sha256:6db823a18e7be1eb2a29c28961f2f01e84d3b449f06be7338d05ac8f90592cd5",
                "sha256:736ffc618e851601e861a630293e5c910ef016b83b2d035a336f83a367bf56ab",
                "sha256:9a32e4a3574a104aa876c35d5e71485dfd6986b18d045534c6ec510c44d5d6a7",
                "sha256:b605151cdd23cedb31855b8666371b6e26b80f02753a52c8b8023a916b1df812",
                "sha256:c8c2bb933974d91c5d19e54b846d964de177e7bf33433bf34ac34c85f9b30e94",
                "sha256:e800486b51fffeb11ed867b4f2220d446e2a60a81a73b7c377123e0cbb72f49d",
                "sha256:f123d3818e30b77b7209d70a6dcfd5b4e34885f9fa539d92dd7ff3e4e2037213"
            ],
            "markers": "python_version >= '3.6' and python_version < '4'",
            "version": "==1.20.1"
        },
        "pygobject": {
            "hashes": [
                "sha256:051b950f509f2e9f125add96c1493bde987c527f7a0c15a1f7b69d6d1c3cd8e6"
            ],
            "index": "pypi",
            "version": "==3.38.0"
        },
        "setproctitle": {
            "hashes": [
                "sha256:077943272d0490b3f43d17379432d5e49c263f608fdf4cf624b419db762ca72b",
                "sha256:0d160d46c8f3567e0aa27b26b1f36e03122e3de475aacacc14a92b8fe45b648a",
                "sha256:0df728d0d350e6b1ad8436cc7add052faebca6f4d03257182d427d86d4422065",
                "sha256:17598f38be9ef499d74f2380bf76b558be72e87da75d66b153350e586649171b",
                "sha256:249526a06f16d493a2cb632abc1b1fdfaaa05776339a50dd9f27c941f6ff1383",
                "sha256:28b884e1cb9a53974e15838864283f9bad774b5c7db98c9609416bd123cb9fd1",
                "sha256:30bc7a769a4451639a0adcbc97bdf7a6e9ac0ef3ddad8d63eb1e338edb3ebeda",
                "sha256:3f6136966c81daaf5b4b010613fe33240a045a4036132ef040b623e35772d998",
                "sha256:4fc5bebd34f451dc87d2772ae6093adea1ea1dc29afc24641b250140decd23bb",
                "sha256:5260e8700c5793d48e79c5e607e8e552e795b698491a4b9bb9111eb74366a450",
                "sha256:7dfb472c8852403d34007e01d6e3c68c57eb66433fb8a5c77b13b89a160d97df",
                "sha256:9106bcbacae534b6f82955b176723f1b2ca6514518aab44dffec05a583f8dca8",
                "sha256:970798d948f0c90a3eb0f8750f08cb215b89dcbee1b55ffb353ad62d9361daeb",
                "sha256:a11d329f33221443317e2aeaee9442f22fcae25be3aa4fb8489e4f7b1f65cdd2",
                "sha256:ba1fb32e7267330bd9f72e69e076777a877f1cb9be5beac5e62d1279e305f37f",
                "sha256:bc4393576ed3ac87ddac7d1bd0faaa2fab24840a025cc5f3c21d14cf0c9c8a12",
                "sha256:c611f65bc9de5391a1514de556f71101e6531bb0715d240efd3e9732626d5c9e",
                "sha256:e13a5c1d9c369cb11cdfc4b75be432b83eb3205c95a69006008ffd4366f87b9e",
                "sha256:e696c93d93c23f377ccd2d72e38908d3dbfc90e45561602b805f53f2627d42ea",
                "sha256:e8ef655eab26e83ec105ce79036bb87e5f2bf8ba2d6f48afdd9595ef7647fcf4",
                "sha256:fbf914179dc4540ee6bfd8228b4cc1f1f6fb12dad66b72b5c9b955b222403220"
            ],
            "index": "pypi",
            "version": "==1.2.2"
        }
    },
    "develop": {
        "appdirs": {
            "hashes": [
                "sha256:7d5d0167b2b1ba821647616af46a749d1c653740dd0d2415100fe26e27afdf41",
                "sha256:a841dacd6b99318a741b166adb07e19ee71a274450e68237b4650ca1055ab128"
            ],
            "version": "==1.4.4"
        },
        "attrs": {
            "hashes": [
                "sha256:2d27e3784d7a565d36ab851fe94887c5eccd6a463168875832a1be79c82828b4",
                "sha256:626ba8234211db98e869df76230a137c4c40a12d72445c45d5f5b716f076e2fd"
            ],
            "markers": "python_version >= '2.7' and python_version not in '3.0, 3.1, 3.2, 3.3, 3.4'",
            "version": "==21.4.0"
        },
        "black": {
            "hashes": [
                "sha256:1b30e59be925fafc1ee4565e5e08abef6b03fe455102883820fe5ee2e4734e0b",
                "sha256:c2edb73a08e9e0e6f65a0e6af18b059b8b1cdd5bef997d7a0b181df93dc81539"
            ],
            "index": "pypi",
            "version": "==19.10b0"
        },
        "click": {
            "hashes": [
                "sha256:353f466495adaeb40b6b5f592f9f91cb22372351c84caeb068132442a4518ef3",
                "sha256:410e932b050f5eed773c4cda94de75971c89cdb3155a72a0831139a79e5ecb5b"
            ],
            "markers": "python_version >= '3.6'",
            "version": "==8.0.3"
        },
        "flake8": {
            "hashes": [
                "sha256:479b1304f72536a55948cb40a32dce8bb0ffe3501e26eaf292c7e60eb5e0428d",
                "sha256:806e034dda44114815e23c16ef92f95c91e4c71100ff52813adf7132a6ad870d"
            ],
            "index": "pypi",
            "version": "==4.0.1"
        },
        "mccabe": {
            "hashes": [
                "sha256:ab8a6258860da4b6677da4bd2fe5dc2c659cff31b3ee4f7f5d64e79735b80d42",
                "sha256:dd8d182285a0fe56bace7f45b5e7d1a6ebcbf524e8f3bd87eb0f125271b8831f"
            ],
            "version": "==0.6.1"
        },
        "pathspec": {
            "hashes": [
                "sha256:7d15c4ddb0b5c802d161efc417ec1a2558ea2653c2e8ad9c19098201dc1c993a",
                "sha256:e564499435a2673d586f6b2130bb5b95f04a3ba06f81b8f895b651a3c76aabb1"
            ],
            "version": "==0.9.0"
        },
        "pycodestyle": {
            "hashes": [
                "sha256:720f8b39dde8b293825e7ff02c475f3077124006db4f440dcbc9a20b76548a20",
                "sha256:eddd5847ef438ea1c7870ca7eb78a9d47ce0cdb4851a5523949f2601d0cbbe7f"
            ],
            "markers": "python_version >= '2.7' and python_version not in '3.0, 3.1, 3.2, 3.3, 3.4'",
            "version": "==2.8.0"
        },
        "pyflakes": {
            "hashes": [
                "sha256:05a85c2872edf37a4ed30b0cce2f6093e1d0581f8c19d7393122da7e25b2b24c",
                "sha256:3bb3a3f256f4b7968c9c788781e4ff07dce46bdf12339dcda61053375426ee2e"
            ],
            "markers": "python_version >= '2.7' and python_version not in '3.0, 3.1, 3.2, 3.3'",
            "version": "==2.4.0"
        },
        "regex": {
            "hashes": [
                "sha256:0c186691a7995ef1db61205e00545bf161fb7b59cdb8c1201c89b333141c438a",
                "sha256:0dcc0e71118be8c69252c207630faf13ca5e1b8583d57012aae191e7d6d28b84",
                "sha256:0f7552429dd39f70057ac5d0e897e5bfe211629652399a21671e53f2a9693a4e",
                "sha256:129472cd06062fb13e7b4670a102951a3e655e9b91634432cfbdb7810af9d710",
                "sha256:13ec99df95003f56edcd307db44f06fbeb708c4ccdcf940478067dd62353181e",
                "sha256:1f2b59c28afc53973d22e7bc18428721ee8ca6079becf1b36571c42627321c65",
                "sha256:2b20f544cbbeffe171911f6ce90388ad36fe3fad26b7c7a35d4762817e9ea69c",
                "sha256:2fb698037c35109d3c2e30f2beb499e5ebae6e4bb8ff2e60c50b9a805a716f79",
                "sha256:34d870f9f27f2161709054d73646fc9aca49480617a65533fc2b4611c518e455",
                "sha256:391703a2abf8013d95bae39145d26b4e21531ab82e22f26cd3a181ee2644c234",
                "sha256:450dc27483548214314640c89a0f275dbc557968ed088da40bde7ef8fb52829e",
                "sha256:45b65d6a275a478ac2cbd7fdbf7cc93c1982d613de4574b56fd6972ceadb8395",
                "sha256:5095a411c8479e715784a0c9236568ae72509450ee2226b649083730f3fadfc6",
                "sha256:530fc2bbb3dc1ebb17f70f7b234f90a1dd43b1b489ea38cea7be95fb21cdb5c7",
                "sha256:56f0c81c44638dfd0e2367df1a331b4ddf2e771366c4b9c5d9a473de75e3e1c7",
                "sha256:5e9c9e0ce92f27cef79e28e877c6b6988c48b16942258f3bc55d39b5f911df4f",
                "sha256:6d7722136c6ed75caf84e1788df36397efdc5dbadab95e59c2bba82d4d808a4c",
                "sha256:74d071dbe4b53c602edd87a7476ab23015a991374ddb228d941929ad7c8c922e",
                "sha256:7b568809dca44cb75c8ebb260844ea98252c8c88396f9d203f5094e50a70355f",
                "sha256:80bb5d2e92b2258188e7dcae5b188c7bf868eafdf800ea6edd0fbfc029984a88",
                "sha256:8d1cdcda6bd16268316d5db1038965acf948f2a6f43acc2e0b1641ceab443623",
                "sha256:9f665677e46c5a4d288ece12fdedf4f4204a422bb28ff05f0e6b08b7447796d1",
                "sha256:a30513828180264294953cecd942202dfda64e85195ae36c265daf4052af0464",
                "sha256:a7a986c45d1099a5de766a15de7bee3840b1e0e1a344430926af08e5297cf666",
                "sha256:a940ca7e7189d23da2bfbb38973832813eab6bd83f3bf89a977668c2f813deae",
                "sha256:ab7c5684ff3538b67df3f93d66bd3369b749087871ae3786e70ef39e601345b0",
                "sha256:be04739a27be55631069b348dda0c81d8ea9822b5da10b8019b789e42d1fe452",
                "sha256:c0938ddd60cc04e8f1faf7a14a166ac939aac703745bfcd8e8f20322a7373019",
                "sha256:cb46b542133999580ffb691baf67410306833ee1e4f58ed06b6a7aaf4e046952",
                "sha256:d134757a37d8640f3c0abb41f5e68b7cf66c644f54ef1cb0573b7ea1c63e1509",
                "sha256:de557502c3bec8e634246588a94e82f1ee1b9dfcfdc453267c4fb652ff531570",
                "sha256:ded0c4a3eee56b57fcb2315e40812b173cafe79d2f992d50015f4387445737fa",
                "sha256:e1dae12321b31059a1a72aaa0e6ba30156fe7e633355e445451e4021b8e122b6",
                "sha256:eb672217f7bd640411cfc69756ce721d00ae600814708d35c930930f18e8029f",
                "sha256:ee684f139c91e69fe09b8e83d18b4d63bf87d9440c1eb2eeb52ee851883b1b29",
                "sha256:f3f9a91d3cc5e5b0ddf1043c0ae5fa4852f18a1c0050318baf5fc7930ecc1f9c"
            ],
            "version": "==2021.10.23"
        },
        "toml": {
            "hashes": [
                "sha256:806143ae5bfb6a3c6e736a764057db0e6a0e05e338b5630894a5f779cabb4f9b",
                "sha256:b3bda1d108d5dd99f4a20d24d9c348e91c4db7ab1b749200bded2f839ccbe68f"
            ],
            "markers": "python_version >= '2.6' and python_version not in '3.0, 3.1, 3.2, 3.3'",
            "version": "==0.10.2"
        },
        "typed-ast": {
            "hashes": [
                "sha256:24058827d8f5d633f97223f5148a7d22628099a3d2efe06654ce872f46f07cdb",
                "sha256:256115a5bc7ea9e665c6314ed6671ee2c08ca380f9d5f130bd4d2c1f5848d695",
                "sha256:38cf5c642fa808300bae1281460d4f9b7617cf864d4e383054a5ef336e344d32",
                "sha256:484137cab8ecf47e137260daa20bafbba5f4e3ec7fda1c1e69ab299b75fa81c5",
                "sha256:4f30a2bcd8e68adbb791ce1567fdb897357506f7ea6716f6bbdd3053ac4d9471",
                "sha256:591bc04e507595887160ed7aa8d6785867fb86c5793911be79ccede61ae96f4d",
                "sha256:5b6ab14c56bc9c7e3c30228a0a0b54b915b1579613f6e463ba6f4eb1382e7fd4",
                "sha256:5d8314c92414ce7481eee7ad42b353943679cf6f30237b5ecbf7d835519e1212",
                "sha256:71dcda943a471d826ea930dd449ac7e76db7be778fcd722deb63642bab32ea3f",
                "sha256:7c42707ab981b6cf4b73490c16e9d17fcd5227039720ca14abe415d39a173a30",
                "sha256:9caaf2b440efb39ecbc45e2fabde809cbe56272719131a6318fd9bf08b58e2cb",
                "sha256:a2b8d7007f6280e36fa42652df47087ac7b0a7d7f09f9468f07792ba646aac2d",
                "sha256:a6d495c1ef572519a7bac9534dbf6d94c40e5b6a608ef41136133377bba4aa08",
                "sha256:a80d84f535642420dd17e16ae25bb46c7f4c16ee231105e7f3eb43976a89670a",
                "sha256:b53ae5de5500529c76225d18eeb060efbcec90ad5e030713fe8dab0fb4531631",
                "sha256:b6d17f37f6edd879141e64a5db17b67488cfeffeedad8c5cec0392305e9bc775",
                "sha256:c9bcad65d66d594bffab8575f39420fe0ee96f66e23c4d927ebb4e24354ec1af",
                "sha256:ca9e8300d8ba0b66d140820cf463438c8e7b4cdc6fd710c059bfcfb1531d03fb",
                "sha256:de4ecae89c7d8b56169473e08f6bfd2df7f95015591f43126e4ea7865928677e"
            ],
            "markers": "python_version >= '3.6'",
            "version": "==1.5.1"
        }
    }
}
